
Microsoft Visual Studio Solution File, Format Version 12.00
# Visual Studio Version 16
VisualStudioVersion = 16.0.32106.194
MinimumVisualStudioVersion = 10.0.40219.1
Project("{FAE04EC0-301F-11D3-BF4B-00C04F79EFBC}") = "PersonalityTest", "PersonalityTest\PersonalityTest.csproj", "{8CF6FFE3-C121-4A06-9D27-A02D25321232}"
EndProject
Project("{FAE04EC0-301F-11D3-BF4B-00C04F79EFBC}") = "PersonalityTestSwitch", "PersonalityTestSwitch\PersonalityTestSwitch.csproj", "{431EC6BD-5A06-4161-A93C-BF7E8A1ABE8B}"
EndProject
Project("{FAE04EC0-301F-11D3-BF4B-00C04F79EFBC}") = "GradingIF", "Gradingif\GradingIF.csproj", "{B168AC07-51BC-4A1F-B76D-F16870078AF4}"
EndProject
Project("{FAE04EC0-301F-11D3-BF4B-00C04F79EFBC}") = "GradingSwitch", "GradingSwitch\GradingSwitch.csproj", "{9CF6B0B4-C3E1-47F7-843F-D2F87943020E}"
EndProject
Project("{FAE04EC0-301F-11D3-BF4B-00C04F79EFBC}") = "CatsAndDogs", "CatsAndDogs\CatsAndDogs.csproj", "{0C6F2D60-5754-4AD7-A10C-9C8FCAE1FD96}"
EndProject
Global
	GlobalSection(SolutionConfigurationPlatforms) = preSolution
		Debug|Any CPU = Debug|Any CPU
		Release|Any CPU = Release|Any CPU
	EndGlobalSection
	GlobalSection(ProjectConfigurationPlatforms) = postSolution
		{8CF6FFE3-C121-4A06-9D27-A02D25321232}.Debug|Any CPU.ActiveCfg = Debug|Any CPU
		{8CF6FFE3-C121-4A06-9D27-A02D25321232}.Debug|Any CPU.Build.0 = Debug|Any CPU
		{8CF6FFE3-C121-4A06-9D27-A02D25321232}.Release|Any CPU.ActiveCfg = Release|Any CPU
		{8CF6FFE3-C121-4A06-9D27-A02D25321232}.Release|Any CPU.Build.0 = Release|Any CPU
		{431EC6BD-5A06-4161-A93C-BF7E8A1ABE8B}.Debug|Any CPU.ActiveCfg = Debug|Any CPU
		{431EC6BD-5A06-4161-A93C-BF7E8A1ABE8B}.Debug|Any CPU.Build.0 = Debug|Any CPU
		{431EC6BD-5A06-4161-A93C-BF7E8A1ABE8B}.Release|Any CPU.ActiveCfg = Release|Any CPU
		{431EC6BD-5A06-4161-A93C-BF7E8A1ABE8B}.Release|Any CPU.Build.0 = Release|Any CPU
		{B168AC07-51BC-4A1F-B76D-F16870078AF4}.Debug|Any CPU.ActiveCfg = Debug|Any CPU
		{B168AC07-51BC-4A1F-B76D-F16870078AF4}.Debug|Any CPU.Build.0 = Debug|Any CPU
		{B168AC07-51BC-4A1F-B76D-F16870078AF4}.Release|Any CPU.ActiveCfg = Release|Any CPU
		{B168AC07-51BC-4A1F-B76D-F16870078AF4}.Release|Any CPU.Build.0 = Release|Any CPU
		{9CF6B0B4-C3E1-47F7-843F-D2F87943020E}.Debug|Any CPU.ActiveCfg = Debug|Any CPU
		{9CF6B0B4-C3E1-47F7-843F-D2F87943020E}.Debug|Any CPU.Build.0 = Debug|Any CPU
		{9CF6B0B4-C3E1-47F7-843F-D2F87943020E}.Release|Any CPU.ActiveCfg = Release|Any CPU
		{9CF6B0B4-C3E1-47F7-843F-D2F87943020E}.Release|Any CPU.Build.0 = Release|Any CPU
		{0C6F2D60-5754-4AD7-A10C-9C8FCAE1FD96}.Debug|Any CPU.ActiveCfg = Debug|Any CPU
		{0C6F2D60-5754-4AD7-A10C-9C8FCAE1FD96}.Debug|Any CPU.Build.0 = Debug|Any CPU
		{0C6F2D60-5754-4AD7-A10C-9C8FCAE1FD96}.Release|Any CPU.ActiveCfg = Release|Any CPU
		{0C6F2D60-5754-4AD7-A10C-9C8FCAE1FD96}.Release|Any CPU.Build.0 = Release|Any CPU
	EndGlobalSection
	GlobalSection(SolutionProperties) = preSolution
		HideSolutionNode = FALSE
	EndGlobalSection
	GlobalSection(ExtensibilityGlobals) = postSolution
		SolutionGuid = {FB68BF9B-2D4A-4958-90CB-32165CBEFBE3}
	EndGlobalSection
EndGlobal
